
Microsoft Visual Studio Solution File, Format Version 12.00
# Visual Studio Version 17
VisualStudioVersion = 17.12.35514.174
MinimumVisualStudioVersion = 10.0.40219.1
Project("{FAE04EC0-301F-11D3-BF4B-00C04F79EFBC}") = "UI", "UI\UI.csproj", "{2EF770B7-F08B-45E3-A3BE-8BB90ADA10F8}"
EndProject
Project("{FAE04EC0-301F-11D3-BF4B-00C04F79EFBC}") = "EntityLayer", "EntityLayer\EntityLayer.csproj", "{2553BE9B-4CA3-4539-826C-826846D250B4}"
EndProject
Project("{FAE04EC0-301F-11D3-BF4B-00C04F79EFBC}") = "DataAccessLayer", "DataAccessLayer\DataAccessLayer.csproj", "{94273F15-61BF-4344-BE4F-50D6A2B078AE}"
EndProject
Project("{FAE04EC0-301F-11D3-BF4B-00C04F79EFBC}") = "BusinessLayer", "BusinessLayer\BusinessLayer.csproj", "{B0707770-AAAC-4A9E-AC0D-66E5F59A695D}"
EndProject
Project("{FAE04EC0-301F-11D3-BF4B-00C04F79EFBC}") = "DTOLayer", "DTOLayer\DTOLayer.csproj", "{560AD763-A785-4E25-9E6E-977AEF7F9A5C}"
EndProject
Global
	GlobalSection(SolutionConfigurationPlatforms) = preSolution
		Debug|Any CPU = Debug|Any CPU
		Release|Any CPU = Release|Any CPU
	EndGlobalSection
	GlobalSection(ProjectConfigurationPlatforms) = postSolution
		{2EF770B7-F08B-45E3-A3BE-8BB90ADA10F8}.Debug|Any CPU.ActiveCfg = Debug|Any CPU
		{2EF770B7-F08B-45E3-A3BE-8BB90ADA10F8}.Debug|Any CPU.Build.0 = Debug|Any CPU
		{2EF770B7-F08B-45E3-A3BE-8BB90ADA10F8}.Release|Any CPU.ActiveCfg = Release|Any CPU
		{2EF770B7-F08B-45E3-A3BE-8BB90ADA10F8}.Release|Any CPU.Build.0 = Release|Any CPU
		{2553BE9B-4CA3-4539-826C-826846D250B4}.Debug|Any CPU.ActiveCfg = Debug|Any CPU
		{2553BE9B-4CA3-4539-826C-826846D250B4}.Debug|Any CPU.Build.0 = Debug|Any CPU
		{2553BE9B-4CA3-4539-826C-826846D250B4}.Release|Any CPU.ActiveCfg = Release|Any CPU
		{2553BE9B-4CA3-4539-826C-826846D250B4}.Release|Any CPU.Build.0 = Release|Any CPU
		{94273F15-61BF-4344-BE4F-50D6A2B078AE}.Debug|Any CPU.ActiveCfg = Debug|Any CPU
		{94273F15-61BF-4344-BE4F-50D6A2B078AE}.Debug|Any CPU.Build.0 = Debug|Any CPU
		{94273F15-61BF-4344-BE4F-50D6A2B078AE}.Release|Any CPU.ActiveCfg = Release|Any CPU
		{94273F15-61BF-4344-BE4F-50D6A2B078AE}.Release|Any CPU.Build.0 = Release|Any CPU
		{B0707770-AAAC-4A9E-AC0D-66E5F59A695D}.Debug|Any CPU.ActiveCfg = Debug|Any CPU
		{B0707770-AAAC-4A9E-AC0D-66E5F59A695D}.Debug|Any CPU.Build.0 = Debug|Any CPU
		{B0707770-AAAC-4A9E-AC0D-66E5F59A695D}.Release|Any CPU.ActiveCfg = Release|Any CPU
		{B0707770-AAAC-4A9E-AC0D-66E5F59A695D}.Release|Any CPU.Build.0 = Release|Any CPU
		{560AD763-A785-4E25-9E6E-977AEF7F9A5C}.Debug|Any CPU.ActiveCfg = Debug|Any CPU
		{560AD763-A785-4E25-9E6E-977AEF7F9A5C}.Debug|Any CPU.Build.0 = Debug|Any CPU
		{560AD763-A785-4E25-9E6E-977AEF7F9A5C}.Release|Any CPU.ActiveCfg = Release|Any CPU
		{560AD763-A785-4E25-9E6E-977AEF7F9A5C}.Release|Any CPU.Build.0 = Release|Any CPU
	EndGlobalSection
	GlobalSection(SolutionProperties) = preSolution
		HideSolutionNode = FALSE
	EndGlobalSection
EndGlobal
